PODS:
  - iOSSnapshotTestCase (6.2.0):
    - iOSSnapshotTestCase/SwiftSupport (= 6.2.0)
  - iOSSnapshotTestCase/Core (6.2.0)
  - iOSSnapshotTestCase/SwiftSupport (6.2.0):
    - iOSSnapshotTestCase/Core
  - Stagehand (2.0.2)
  - StagehandTesting (2.0.2):
    - iOSSnapshotTestCase (~> 6.1)
    - Stagehand (= 2.0.2)

DEPENDENCIES:
  - Stagehand (from `../`)
  - StagehandTesting (from `../`)

SPEC REPOS:
  trunk:
    - iOSSnapshotTestCase

EXTERNAL SOURCES:
  Stagehand:
    :path: "../"
  StagehandTesting:
    :path: "../"

SPEC CHECKSUMS:
  iOSSnapshotTestCase: 9ab44cb5aa62b84d31847f40680112e15ec579a6
  Stagehand: 6d360781f1e1ad7c15a16253952164c0035010d1
  StagehandTesting: 941f1f1e381cf27e91a677895e249a3078e863e9

PODFILE CHECKSUM: e2058eb578e4d6fb432b015c43b4e221c1b70e87

COCOAPODS: 1.8.4
