PODS:
  - iOSSnapshotTestCase (6.2.0):
    - iOSSnapshotTestCase/SwiftSupport (= 6.2.0)
  - iOSSnapshotTestCase/Core (6.2.0)
  - iOSSnapshotTestCase/SwiftSupport (6.2.0):
    - iOSSnapshotTestCase/Core
  - SnapshotTesting (1.7.0)
  - Stagehand (4.0.0)
  - StagehandTesting/iOSSnapshotTestCase (4.0.0):
    - iOSSnapshotTestCase (~> 6.1)
    - Stagehand (= 4.0.0)
  - StagehandTesting/SnapshotTesting (4.0.0):
    - SnapshotTesting (~> 1.7)
    - Stagehand (= 4.0.0)

DEPENDENCIES:
  - SnapshotTesting (= 1.7.0)
  - Stagehand (from `../`)
  - StagehandTesting/iOSSnapshotTestCase (from `../`)
  - StagehandTesting/SnapshotTesting (from `../`)

SPEC REPOS:
  trunk:
    - iOSSnapshotTestCase
    - SnapshotTesting

EXTERNAL SOURCES:
  Stagehand:
    :path: "../"
  StagehandTesting:
    :path: "../"

SPEC CHECKSUMS:
  iOSSnapshotTestCase: 9ab44cb5aa62b84d31847f40680112e15ec579a6
  SnapshotTesting: 273b614fcc60fac7d9f613f6648afa91a7da36be
  Stagehand: 3cc6e0a36737c538f96c031a383179e3fbaf9b1f
  StagehandTesting: c526c5a9bbf3029aa11406cb03c96c1a2d324a6e

PODFILE CHECKSUM: dc43166dcb2d2f51c6a438d235bb33ac985fdc72

COCOAPODS: 1.15.2
